// !$*UTF8*$!
{
	archiveVersion = 1;
	classes = {
	};
	objectVersion = 50;
	objects = {

/* Begin PBXBuildFile section */
		6D548F1F2205D37300DE179C /* AppDelegate.swift in Sources */ = {isa = PBXBuildFile; fileRef = 6D548F1E2205D37300DE179C /* AppDelegate.swift */; };
		6D548F212205D37300DE179C /* ViewController.swift in Sources */ = {isa = PBXBuildFile; fileRef = 6D548F202205D37300DE179C /* ViewController.swift */; };
		6D548F242205D37300DE179C /* Main.storyboard in Resources */ = {isa = PBXBuildFile; fileRef = 6D548F222205D37300DE179C /* Main.storyboard */; };
		6D548F262205D37600DE179C /* Assets.xcassets in Resources */ = {isa = PBXBuildFile; fileRef = 6D548F252205D37600DE179C /* Assets.xcassets */; };
		6D548F292205D37600DE179C /* LaunchScreen.storyboard in Resources */ = {isa = PBXBuildFile; fileRef = 6D548F272205D37600DE179C /* LaunchScreen.storyboard */; };
		6D548F312205DF8A00DE179C /* Word.swift in Sources */ = {isa = PBXBuildFile; fileRef = 6D548F302205DF8A00DE179C /* Word.swift */; };
		6D548F332205E05A00DE179C /* WordBank.swift in Sources */ = {isa = PBXBuildFile; fileRef = 6D548F322205E05A00DE179C /* WordBank.swift */; };
		8CF389A30A876D9C16071D34 /* Pods_sb2019v2.framework in Frameworks */ = {isa = PBXBuildFile; fileRef = D27F536F643680630CD72FCF /* Pods_sb2019v2.framework */; };
/* End PBXBuildFile section */

/* Begin PBXFileReference section */
		6D548F1B2205D37300DE179C /* d1-latin13to14.app */ = {isa = PBXFileReference; explicitFileType = wrapper.application; includeInIndex = 0; path = "d1-latin13to14.app"; sourceTree = BUILT_PRODUCTS_DIR; };
		6D548F1E2205D37300DE179C /* AppDelegate.swift */ = {isa = PBXFileReference; lastKnownFileType = sourcecode.swift; path = AppDelegate.swift; sourceTree = "<group>"; };
		6D548F202205D37300DE179C /* ViewController.swift */ = {isa = PBXFileReference; lastKnownFileType = sourcecode.swift; path = ViewController.swift; sourceTree = "<group>"; };
		6D548F232205D37300DE179C /* Base */ = {isa = PBXFileReference; lastKnownFileType = file.storyboard; name = Base; path = Base.lproj/Main.storyboard; sourceTree = "<group>"; };
		6D548F252205D37600DE179C /* Assets.xcassets */ = {isa = PBXFileReference; lastKnownFileType = folder.assetcatalog; path = Assets.xcassets; sourceTree = "<group>"; };
		6D548F282205D37600DE179C /* Base */ = {isa = PBXFileReference; lastKnownFileType = file.storyboard; name = Base; path = Base.lproj/LaunchScreen.storyboard; sourceTree = "<group>"; };
		6D548F2A2205D37600DE179C /* Info.plist */ = {isa = PBXFileReference; lastKnownFileType = text.plist.xml; path = Info.plist; sourceTree = "<group>"; };
		6D548F302205DF8A00DE179C /* Word.swift */ = {isa = PBXFileReference; lastKnownFileType = sourcecode.swift; path = Word.swift; sourceTree = "<group>"; };
		6D548F322205E05A00DE179C /* WordBank.swift */ = {isa = PBXFileReference; lastKnownFileType = sourcecode.swift; path = WordBank.swift; sourceTree = "<group>"; };
		C41D2DEC171A38E27D497231 /* Pods-sb2019v2.debug.xcconfig */ = {isa = PBXFileReference; includeInIndex = 1; lastKnownFileType = text.xcconfig; name = "Pods-sb2019v2.debug.xcconfig"; path = "Pods/Target Support Files/Pods-sb2019v2/Pods-sb2019v2.debug.xcconfig"; sourceTree = "<group>"; };
		D27F536F643680630CD72FCF /* Pods_sb2019v2.framework */ = {isa = PBXFileReference; explicitFileType = wrapper.framework; includeInIndex = 0; path = Pods_sb2019v2.framework; sourceTree = BUILT_PRODUCTS_DIR; };
		F482EC42FC3E5C9CF919E347 /* Pods-sb2019v2.release.xcconfig */ = {isa = PBXFileReference; includeInIndex = 1; lastKnownFileType = text.xcconfig; name = "Pods-sb2019v2.release.xcconfig"; path = "Pods/Target Support Files/Pods-sb2019v2/Pods-sb2019v2.release.xcconfig"; sourceTree = "<group>"; };
/* End PBXFileReference section */

/* Begin PBXFrameworksBuildPhase section */
		6D548F182205D37300DE179C /* Frameworks */ = {
			isa = PBXFrameworksBuildPhase;
			buildActionMask = 2147483647;
			files = (
				8CF389A30A876D9C16071D34 /* Pods_sb2019v2.framework in Frameworks */,
			);
			runOnlyForDeploymentPostprocessing = 0;
		};
/* End PBXFrameworksBuildPhase section */

/* Begin PBXGroup section */
		0860B435EDBC311B3AC2B4D7 /* Pods */ = {
			isa = PBXGroup;
			children = (
				C41D2DEC171A38E27D497231 /* Pods-sb2019v2.debug.xcconfig */,
				F482EC42FC3E5C9CF919E347 /* Pods-sb2019v2.release.xcconfig */,
			);
			name = Pods;
			sourceTree = "<group>";
		};
		6D548F122205D37300DE179C = {
			isa = PBXGroup;
			children = (
				6D548F1D2205D37300DE179C /* sb2019v2 */,
				6D548F1C2205D37300DE179C /* Products */,
				0860B435EDBC311B3AC2B4D7 /* Pods */,
				9CC412385B30528C4DF15A0D /* Frameworks */,
			);
			sourceTree = "<group>";
		};
		6D548F1C2205D37300DE179C /* Products */ = {
			isa = PBXGroup;
			children = (
				6D548F1B2205D37300DE179C /* d1-latin13to14.app */,
			);
			name = Products;
			sourceTree = "<group>";
		};
		6D548F1D2205D37300DE179C /* sb2019v2 */ = {
			isa = PBXGroup;
			children = (
				6D548F1E2205D37300DE179C /* AppDelegate.swift */,
				6D548F202205D37300DE179C /* ViewController.swift */,
				6D548F222205D37300DE179C /* Main.storyboard */,
				6D548F252205D37600DE179C /* Assets.xcassets */,
				6D548F272205D37600DE179C /* LaunchScreen.storyboard */,
				6D548F2A2205D37600DE179C /* Info.plist */,
				6D548F342205E09700DE179C /* Model */,
			);
			path = sb2019v2;
			sourceTree = "<group>";
		};
		6D548F342205E09700DE179C /* Model */ = {
			isa = PBXGroup;
			children = (
				6D548F302205DF8A00DE179C /* Word.swift */,
				6D548F322205E05A00DE179C /* WordBank.swift */,
			);
			path = Model;
			sourceTree = "<group>";
		};
		9CC412385B30528C4DF15A0D /* Frameworks */ = {
			isa = PBXGroup;
			children = (
				D27F536F643680630CD72FCF /* Pods_sb2019v2.framework */,
			);
			name = Frameworks;
			sourceTree = "<group>";
		};
/* End PBXGroup section */

/* Begin PBXNativeTarget section */
		6D548F1A2205D37300DE179C /* d1-latin13to14 */ = {
			isa = PBXNativeTarget;
			buildConfigurationList = 6D548F2D2205D37600DE179C /* Build configuration list for PBXNativeTarget "d1-latin13to14" */;
			buildPhases = (
				1B4D9292F13181BF8B894A7E /* [CP] Check Pods Manifest.lock */,
				6D548F172205D37300DE179C /* Sources */,
				6D548F182205D37300DE179C /* Frameworks */,
				6D548F192205D37300DE179C /* Resources */,
				59C68BAFA8E37AA23A8DA6A4 /* [CP] Embed Pods Frameworks */,
			);
			buildRules = (
			);
			dependencies = (
			);
			name = "d1-latin13to14";
			productName = sb2019v2;
			productReference = 6D548F1B2205D37300DE179C /* d1-latin13to14.app */;
			productType = "com.apple.product-type.application";
		};
/* End PBXNativeTarget section */

/* Begin PBXProject section */
		6D548F132205D37300DE179C /* Project object */ = {
			isa = PBXProject;
			attributes = {
				LastSwiftUpdateCheck = 1010;
				LastUpgradeCheck = 1010;
				ORGANIZATIONNAME = "Eric Hernandez";
				TargetAttributes = {
					6D548F1A2205D37300DE179C = {
						CreatedOnToolsVersion = 10.1;
					};
				};
			};
			buildConfigurationList = 6D548F162205D37300DE179C /* Build configuration list for PBXProject "d1-latin13to14" */;
			compatibilityVersion = "Xcode 9.3";
			developmentRegion = en;
			hasScannedForEncodings = 0;
			knownRegions = (
				en,
				Base,
			);
			mainGroup = 6D548F122205D37300DE179C;
			productRefGroup = 6D548F1C2205D37300DE179C /* Products */;
			projectDirPath = "";
			projectRoot = "";
			targets = (
				6D548F1A2205D37300DE179C /* d1-latin13to14 */,
			);
		};
/* End PBXProject section */

/* Begin PBXResourcesBuildPhase section */
		6D548F192205D37300DE179C /* Resources */ = {
			isa = PBXResourcesBuildPhase;
			buildActionMask = 2147483647;
			files = (
				6D548F292205D37600DE179C /* LaunchScreen.storyboard in Resources */,
				6D548F262205D37600DE179C /* Assets.xcassets in Resources */,
				6D548F242205D37300DE179C /* Main.storyboard in Resources */,
			);
			runOnlyForDeploymentPostprocessing = 0;
		};
/* End PBXResourcesBuildPhase section */

/* Begin PBXShellScriptBuildPhase section */
		1B4D9292F13181BF8B894A7E /* [CP] Check Pods Manifest.lock */ = {
			isa = PBXShellScriptBuildPhase;
			buildActionMask = 2147483647;
			files = (
			);
			inputFileListPaths = (
			);
			inputPaths = (
				"${PODS_PODFILE_DIR_PATH}/Podfile.lock",
				"${PODS_ROOT}/Manifest.lock",
			);
			name = "[CP] Check Pods Manifest.lock";
			outputFileListPaths = (
			);
			outputPaths = (
				"$(DERIVED_FILE_DIR)/Pods-sb2019v2-checkManifestLockResult.txt",
			);
			runOnlyForDeploymentPostprocessing = 0;
			shellPath = /bin/sh;
			shellScript = "diff \"${PODS_PODFILE_DIR_PATH}/Podfile.lock\" \"${PODS_ROOT}/Manifest.lock\" > /dev/null\nif [ $? != 0 ] ; then\n    # print error to STDERR\n    echo \"error: The sandbox is not in sync with the Podfile.lock. Run 'pod install' or update your CocoaPods installation.\" >&2\n    exit 1\nfi\n# This output is used by Xcode 'outputs' to avoid re-running this script phase.\necho \"SUCCESS\" > \"${SCRIPT_OUTPUT_FILE_0}\"\n";
			showEnvVarsInLog = 0;
		};
		59C68BAFA8E37AA23A8DA6A4 /* [CP] Embed Pods Frameworks */ = {
			isa = PBXShellScriptBuildPhase;
			buildActionMask = 2147483647;
			files = (
			);
			inputFileListPaths = (
			);
			inputPaths = (
				"${SRCROOT}/Pods/Target Support Files/Pods-sb2019v2/Pods-sb2019v2-frameworks.sh",
				"${BUILT_PRODUCTS_DIR}/SwiftSoup/SwiftSoup.framework",
			);
			name = "[CP] Embed Pods Frameworks";
			outputFileListPaths = (
			);
			outputPaths = (
				"${TARGET_BUILD_DIR}/${FRAMEWORKS_FOLDER_PATH}/SwiftSoup.framework",
			);
			runOnlyForDeploymentPostprocessing = 0;
			shellPath = /bin/sh;
			shellScript = "\"${SRCROOT}/Pods/Target Support Files/Pods-sb2019v2/Pods-sb2019v2-frameworks.sh\"\n";
			showEnvVarsInLog = 0;
		};
/* End PBXShellScriptBuildPhase section */

/* Begin PBXSourcesBuildPhase section */
		6D548F172205D37300DE179C /* Sources */ = {
			isa = PBXSourcesBuildPhase;
			buildActionMask = 2147483647;
			files = (
				6D548F212205D37300DE179C /* ViewController.swift in Sources */,
				6D548F332205E05A00DE179C /* WordBank.swift in Sources */,
				6D548F1F2205D37300DE179C /* AppDelegate.swift in Sources */,
				6D548F312205DF8A00DE179C /* Word.swift in Sources */,
			);
			runOnlyForDeploymentPostprocessing = 0;
		};
/* End PBXSourcesBuildPhase section */

/* Begin PBXVariantGroup section */
		6D548F222205D37300DE179C /* Main.storyboard */ = {
			isa = PBXVariantGroup;
			children = (
				6D548F232205D37300DE179C /* Base */,
			);
			name = Main.storyboard;
			sourceTree = "<group>";
		};
		6D548F272205D37600DE179C /* LaunchScreen.storyboard */ = {
			isa = PBXVariantGroup;
			children = (
				6D548F282205D37600DE179C /* Base */,
			);
			name = LaunchScreen.storyboard;
			sourceTree = "<group>";
		};
/* End PBXVariantGroup section */

/* Begin XCBuildConfiguration section */
		6D548F2B2205D37600DE179C /* Debug */ = {
			isa = XCBuildConfiguration;
			buildSettings = {
				ALWAYS_SEARCH_USER_PATHS = NO;
				CLANG_ANALYZER_NONNULL = YES;
				CLANG_ANALYZER_NUMBER_OBJECT_CONVERSION = YES_AGGRESSIVE;
				CLANG_CXX_LANGUAGE_STANDARD = "gnu++14";
				CLANG_CXX_LIBRARY = "libc++";
				CLANG_ENABLE_MODULES = YES;
				CLANG_ENABLE_OBJC_ARC = YES;
				CLANG_ENABLE_OBJC_WEAK = YES;
				CLANG_WARN_BLOCK_CAPTURE_AUTORELEASING = YES;
				CLANG_WARN_BOOL_CONVERSION = YES;
				CLANG_WARN_COMMA = YES;
				CLANG_WARN_CONSTANT_CONVERSION = YES;
				CLANG_WARN_DEPRECATED_OBJC_IMPLEMENTATIONS = YES;
				CLANG_WARN_DIRECT_OBJC_ISA_USAGE = YES_ERROR;
				CLANG_WARN_DOCUMENTATION_COMMENTS = YES;
				CLANG_WARN_EMPTY_BODY = YES;
				CLANG_WARN_ENUM_CONVERSION = YES;
				CLANG_WARN_INFINITE_RECURSION = YES;
				CLANG_WARN_INT_CONVERSION = YES;
				CLANG_WARN_NON_LITERAL_NULL_CONVERSION = YES;
				CLANG_WARN_OBJC_IMPLICIT_RETAIN_SELF = YES;
				CLANG_WARN_OBJC_LITERAL_CONVERSION = YES;
				CLANG_WARN_OBJC_ROOT_CLASS = YES_ERROR;
				CLANG_WARN_RANGE_LOOP_ANALYSIS = YES;
				CLANG_WARN_STRICT_PROTOTYPES = YES;
				CLANG_WARN_SUSPICIOUS_MOVE = YES;
				CLANG_WARN_UNGUARDED_AVAILABILITY = YES_AGGRESSIVE;
				CLANG_WARN_UNREACHABLE_CODE = YES;
				CLANG_WARN__DUPLICATE_METHOD_MATCH = YES;
				CODE_SIGN_IDENTITY = "iPhone Developer";
				COPY_PHASE_STRIP = NO;
				DEBUG_INFORMATION_FORMAT = dwarf;
				ENABLE_STRICT_OBJC_MSGSEND = YES;
				ENABLE_TESTABILITY = YES;
				GCC_C_LANGUAGE_STANDARD = gnu11;
				GCC_DYNAMIC_NO_PIC = NO;
				GCC_NO_COMMON_BLOCKS = YES;
				GCC_OPTIMIZATION_LEVEL = 0;
				GCC_PREPROCESSOR_DEFINITIONS = (
					"DEBUG=1",
					"$(inherited)",
				);
				GCC_WARN_64_TO_32_BIT_CONVERSION = YES;
				GCC_WARN_ABOUT_RETURN_TYPE = YES_ERROR;
				GCC_WARN_UNDECLARED_SELECTOR = YES;
				GCC_WARN_UNINITIALIZED_AUTOS = YES_AGGRESSIVE;
				GCC_WARN_UNUSED_FUNCTION = YES;
				GCC_WARN_UNUSED_VARIABLE = YES;
				IPHONEOS_DEPLOYMENT_TARGET = 12.1;
				MTL_ENABLE_DEBUG_INFO = INCLUDE_SOURCE;
				MTL_FAST_MATH = YES;
				ONLY_ACTIVE_ARCH = YES;
				SDKROOT = iphoneos;
				SWIFT_ACTIVE_COMPILATION_CONDITIONS = DEBUG;
				SWIFT_OPTIMIZATION_LEVEL = "-Onone";
			};
			name = Debug;
		};
		6D548F2C2205D37600DE179C /* Release */ = {
			isa = XCBuildConfiguration;
			buildSettings = {
				ALWAYS_SEARCH_USER_PATHS = NO;
				CLANG_ANALYZER_NONNULL = YES;
				CLANG_ANALYZER_NUMBER_OBJECT_CONVERSION = YES_AGGRESSIVE;
				CLANG_CXX_LANGUAGE_STANDARD = "gnu++14";
				CLANG_CXX_LIBRARY = "libc++";
				CLANG_ENABLE_MODULES = YES;
				CLANG_ENABLE_OBJC_ARC = YES;
				CLANG_ENABLE_OBJC_WEAK = YES;
				CLANG_WARN_BLOCK_CAPTURE_AUTORELEASING = YES;
				CLANG_WARN_BOOL_CONVERSION = YES;
				CLANG_WARN_COMMA = YES;
				CLANG_WARN_CONSTANT_CONVERSION = YES;
				CLANG_WARN_DEPRECATED_OBJC_IMPLEMENTATIONS = YES;
				CLANG_WARN_DIRECT_OBJC_ISA_USAGE = YES_ERROR;
				CLANG_WARN_DOCUMENTATION_COMMENTS = YES;
				CLANG_WARN_EMPTY_BODY = YES;
				CLANG_WARN_ENUM_CONVERSION = YES;
				CLANG_WARN_INFINITE_RECURSION = YES;
				CLANG_WARN_INT_CONVERSION = YES;
				CLANG_WARN_NON_LITERAL_NULL_CONVERSION = YES;
				CLANG_WARN_OBJC_IMPLICIT_RETAIN_SELF = YES;
				CLANG_WARN_OBJC_LITERAL_CONVERSION = YES;
				CLANG_WARN_OBJC_ROOT_CLASS = YES_ERROR;
				CLANG_WARN_RANGE_LOOP_ANALYSIS = YES;
				CLANG_WARN_STRICT_PROTOTYPES = YES;
				CLANG_WARN_SUSPICIOUS_MOVE = YES;
				CLANG_WARN_UNGUARDED_AVAILABILITY = YES_AGGRESSIVE;
				CLANG_WARN_UNREACHABLE_CODE = YES;
				CLANG_WARN__DUPLICATE_METHOD_MATCH = YES;
				CODE_SIGN_IDENTITY = "iPhone Developer";
				COPY_PHASE_STRIP = NO;
				DEBUG_INFORMATION_FORMAT = "dwarf-with-dsym";
				ENABLE_NS_ASSERTIONS = NO;
				ENABLE_STRICT_OBJC_MSGSEND = YES;
				GCC_C_LANGUAGE_STANDARD = gnu11;
				GCC_NO_COMMON_BLOCKS = YES;
				GCC_WARN_64_TO_32_BIT_CONVERSION = YES;
				GCC_WARN_ABOUT_RETURN_TYPE = YES_ERROR;
				GCC_WARN_UNDECLARED_SELECTOR = YES;
				GCC_WARN_UNINITIALIZED_AUTOS = YES_AGGRESSIVE;
				GCC_WARN_UNUSED_FUNCTION = YES;
				GCC_WARN_UNUSED_VARIABLE = YES;
				IPHONEOS_DEPLOYMENT_TARGET = 12.1;
				MTL_ENABLE_DEBUG_INFO = NO;
				MTL_FAST_MATH = YES;
				SDKROOT = iphoneos;
				SWIFT_COMPILATION_MODE = wholemodule;
				SWIFT_OPTIMIZATION_LEVEL = "-O";
				VALIDATE_PRODUCT = YES;
			};
			name = Release;
		};
		6D548F2E2205D37600DE179C /* Debug */ = {
			isa = XCBuildConfiguration;
			baseConfigurationReference = C41D2DEC171A38E27D497231 /* Pods-sb2019v2.debug.xcconfig */;
			buildSettings = {
				ASSETCATALOG_COMPILER_APPICON_NAME = AppIcon;
				CODE_SIGN_STYLE = Automatic;
				DEVELOPMENT_TEAM = W486C2LXU7;
				INFOPLIST_FILE = sb2019v2/Info.plist;
				LD_RUNPATH_SEARCH_PATHS = (
					"$(inherited)",
					"@executable_path/Frameworks",
				);
				PRODUCT_BUNDLE_IDENTIFIER = "com.eands9.sb2019v2-d1-latin13to14";
				PRODUCT_NAME = "$(TARGET_NAME)";
				SWIFT_VERSION = 4.2;
				TARGETED_DEVICE_FAMILY = "1,2";
			};
			name = Debug;
		};
		6D548F2F2205D37600DE179C /* Release */ = {
			isa = XCBuildConfiguration;
			baseConfigurationReference = F482EC42FC3E5C9CF919E347 /* Pods-sb2019v2.release.xcconfig */;
			buildSettings = {
				ASSETCATALOG_COMPILER_APPICON_NAME = AppIcon;
				CODE_SIGN_STYLE = Automatic;
				DEVELOPMENT_TEAM = W486C2LXU7;
				INFOPLIST_FILE = sb2019v2/Info.plist;
				LD_RUNPATH_SEARCH_PATHS = (
					"$(inherited)",
					"@executable_path/Frameworks",
				);
				PRODUCT_BUNDLE_IDENTIFIER = "com.eands9.sb2019v2-d1-latin13to14";
				PRODUCT_NAME = "$(TARGET_NAME)";
				SWIFT_VERSION = 4.2;
				TARGETED_DEVICE_FAMILY = "1,2";
			};
			name = Release;
		};
/* End XCBuildConfiguration section */

/* Begin XCConfigurationList section */
		6D548F162205D37300DE179C /* Build configuration list for PBXProject "d1-latin13to14" */ = {
			isa = XCConfigurationList;
			buildConfigurations = (
				6D548F2B2205D37600DE179C /* Debug */,
				6D548F2C2205D37600DE179C /* Release */,
			);
			defaultConfigurationIsVisible = 0;
			defaultConfigurationName = Release;
		};
		6D548F2D2205D37600DE179C /* Build configuration list for PBXNativeTarget "d1-latin13to14" */ = {
			isa = XCConfigurationList;
			buildConfigurations = (
				6D548F2E2205D37600DE179C /* Debug */,
				6D548F2F2205D37600DE179C /* Release */,
			);
			defaultConfigurationIsVisible = 0;
			defaultConfigurationName = Release;
		};
/* End XCConfigurationList section */
	};
	rootObject = 6D548F132205D37300DE179C /* Project object */;
}
